
Microsoft Visual Studio Solution File, Format Version 12.00
# Visual Studio 15
VisualStudioVersion = 15.0.28307.1022
MinimumVisualStudioVersion = 10.0.40219.1
Project("{8BC9CEB8-8B4A-11D0-8D11-00A0C91BC942}") = "Project5", "Project5.vcxproj", "{05C8436E-52F6-47FA-8ED6-81E8BFB7394B}"
EndProject
Global
	GlobalSection(SolutionConfigurationPlatforms) = preSolution
		Debug|x64 = Debug|x64
		Debug|x86 = Debug|x86
		Release|x64 = Release|x64
		Release|x86 = Release|x86
	EndGlobalSection
	GlobalSection(ProjectConfigurationPlatforms) = postSolution
		{05C8436E-52F6-47FA-8ED6-81E8BFB7394B}.Debug|x64.ActiveCfg = Debug|x64
		{05C8436E-52F6-47FA-8ED6-81E8BFB7394B}.Debug|x64.Build.0 = Debug|x64
		{05C8436E-52F6-47FA-8ED6-81E8BFB7394B}.Debug|x86.ActiveCfg = Debug|Win32
		{05C8436E-52F6-47FA-8ED6-81E8BFB7394B}.Debug|x86.Build.0 = Debug|Win32
		{05C8436E-52F6-47FA-8ED6-81E8BFB7394B}.Release|x64.ActiveCfg = Release|x64
		{05C8436E-52F6-47FA-8ED6-81E8BFB7394B}.Release|x64.Build.0 = Release|x64
		{05C8436E-52F6-47FA-8ED6-81E8BFB7394B}.Release|x86.ActiveCfg = Release|Win32
		{05C8436E-52F6-47FA-8ED6-81E8BFB7394B}.Release|x86.Build.0 = Release|Win32
	EndGlobalSection
	GlobalSection(SolutionProperties) = preSolution
		HideSolutionNode = FALSE
	EndGlobalSection
	GlobalSection(ExtensibilityGlobals) = postSolution
		SolutionGuid = {1EA2B990-DED7-493A-8F6A-034FB2D5F9E7}
	EndGlobalSection
EndGlobal
